
Microsoft Visual Studio Solution File, Format Version 12.00
# Visual Studio Version 16
VisualStudioVersion = 16.0.29806.167
MinimumVisualStudioVersion = 10.0.40219.1
Project("{9A19103F-16F7-4668-BE54-9A1E7A4F7556}") = "ShopMe.Client", "Clients\ShopMe.Client\ShopMe.Client.csproj", "{3C40A570-1751-451F-9784-EE7078E20E87}"
EndProject
Project("{FAE04EC0-301F-11D3-BF4B-00C04F79EFBC}") = "ShopMe.Android", "Clients\ShopMe.Android\ShopMe.Android.csproj", "{5C2787A0-BB47-4CBA-A70D-9816311660F5}"
EndProject
Project("{FAE04EC0-301F-11D3-BF4B-00C04F79EFBC}") = "ShopMe.UWP", "Clients\ShopMe.UWP\ShopMe.UWP.csproj", "{C4A3D3BB-AF6C-4D1C-947D-1C424C1DC46A}"
EndProject
Project("{2150E333-8FDC-42A3-9474-1A3956D46DE8}") = "Clients", "Clients", "{D00EB3EC-1877-4C93-81E7-6E6EB58916A3}"
EndProject
Project("{2150E333-8FDC-42A3-9474-1A3956D46DE8}") = "Services", "Services", "{5B13886E-4796-4AFC-ACBE-53459EDB145C}"
EndProject
Project("{2150E333-8FDC-42A3-9474-1A3956D46DE8}") = "Shared", "Shared", "{3FEB5DE2-7115-424C-88B3-6F5F7814DA02}"
EndProject
Project("{9A19103F-16F7-4668-BE54-9A1E7A4F7556}") = "ShopMe.Transport", "Shared\ShopMe.Transport\ShopMe.Transport.csproj", "{7722B444-6BC9-4F3B-ACFC-921B662CA82D}"
EndProject
Project("{9A19103F-16F7-4668-BE54-9A1E7A4F7556}") = "RSocket.Core", "Shared\RSocket.Core\RSocket.Core.csproj", "{EDA997AA-220E-4D6C-9BEB-58148E543DA2}"
EndProject
Project("{9A19103F-16F7-4668-BE54-9A1E7A4F7556}") = "ShopMe.Web.Service", "Services\ShopMe.Web.Service\ShopMe.Web.Service.csproj", "{4AB5E4E6-7564-409B-9E60-7D829D89F470}"
EndProject
Project("{9A19103F-16F7-4668-BE54-9A1E7A4F7556}") = "ShopMe.Console", "Clients\ShopMe.Console\ShopMe.Console.csproj", "{48B2DFEC-728A-4223-BB01-8ADDC86088BB}"
EndProject
Project("{9A19103F-16F7-4668-BE54-9A1E7A4F7556}") = "LibraProgramming.Serialization.Hessian", "Shared\LibraProgramming.Serialization.Hessian\LibraProgramming.Serialization.Hessian.csproj", "{0B8B81B6-BC1D-4325-BFE9-CEE2BC1E46F2}"
EndProject
Project("{9A19103F-16F7-4668-BE54-9A1E7A4F7556}") = "ShopMe.Application", "Shared\ShopMe.Application\ShopMe.Application.csproj", "{B80D0791-E3D9-49DF-9F73-FB69AA15B172}"
EndProject
Project("{2150E333-8FDC-42A3-9474-1A3956D46DE8}") = "Library", "Library", "{C022B3F6-BC20-4ED3-8B98-50BDE4DDCD69}"
EndProject
Project("{FAE04EC0-301F-11D3-BF4B-00C04F79EFBC}") = "ShopMe.Effects.Android", "Library\ShopMe.Effects.Android\ShopMe.Effects.Android.csproj", "{356A4445-812B-49A7-92A9-B6EBB7EA3055}"
EndProject
Project("{FAE04EC0-301F-11D3-BF4B-00C04F79EFBC}") = "ShopMe.Effects.iOS", "Library\ShopMe.Effects.iOS\ShopMe.Effects.iOS.csproj", "{5A99FFF1-4C70-45AB-9291-C9B96C6BFA58}"
EndProject
Project("{FAE04EC0-301F-11D3-BF4B-00C04F79EFBC}") = "ShopMe.Effects", "Library\ShopMe.Effects\ShopMe.Effects.csproj", "{AB8D6105-8FCD-488C-9965-CACD8B014B52}"
EndProject
Global
	GlobalSection(SolutionConfigurationPlatforms) = preSolution
		Debug|Any CPU = Debug|Any CPU
		Debug|ARM = Debug|ARM
		Debug|x64 = Debug|x64
		Debug|x86 = Debug|x86
		Release|Any CPU = Release|Any CPU
		Release|ARM = Release|ARM
		Release|x64 = Release|x64
		Release|x86 = Release|x86
	EndGlobalSection
	GlobalSection(ProjectConfigurationPlatforms) = postSolution
		{3C40A570-1751-451F-9784-EE7078E20E87}.Debug|Any CPU.ActiveCfg = Debug|Any CPU
		{3C40A570-1751-451F-9784-EE7078E20E87}.Debug|Any CPU.Build.0 = Debug|Any CPU
		{3C40A570-1751-451F-9784-EE7078E20E87}.Debug|ARM.ActiveCfg = Debug|Any CPU
		{3C40A570-1751-451F-9784-EE7078E20E87}.Debug|ARM.Build.0 = Debug|Any CPU
		{3C40A570-1751-451F-9784-EE7078E20E87}.Debug|x64.ActiveCfg = Debug|Any CPU
		{3C40A570-1751-451F-9784-EE7078E20E87}.Debug|x64.Build.0 = Debug|Any CPU
		{3C40A570-1751-451F-9784-EE7078E20E87}.Debug|x86.ActiveCfg = Debug|Any CPU
		{3C40A570-1751-451F-9784-EE7078E20E87}.Debug|x86.Build.0 = Debug|Any CPU
		{3C40A570-1751-451F-9784-EE7078E20E87}.Release|Any CPU.ActiveCfg = Release|Any CPU
		{3C40A570-1751-451F-9784-EE7078E20E87}.Release|Any CPU.Build.0 = Release|Any CPU
		{3C40A570-1751-451F-9784-EE7078E20E87}.Release|ARM.ActiveCfg = Release|Any CPU
		{3C40A570-1751-451F-9784-EE7078E20E87}.Release|ARM.Build.0 = Release|Any CPU
		{3C40A570-1751-451F-9784-EE7078E20E87}.Release|x64.ActiveCfg = Release|Any CPU
		{3C40A570-1751-451F-9784-EE7078E20E87}.Release|x64.Build.0 = Release|Any CPU
		{3C40A570-1751-451F-9784-EE7078E20E87}.Release|x86.ActiveCfg = Release|Any CPU
		{3C40A570-1751-451F-9784-EE7078E20E87}.Release|x86.Build.0 = Release|Any CPU
		{5C2787A0-BB47-4CBA-A70D-9816311660F5}.Debug|Any CPU.ActiveCfg = Debug|Any CPU
		{5C2787A0-BB47-4CBA-A70D-9816311660F5}.Debug|Any CPU.Build.0 = Debug|Any CPU
		{5C2787A0-BB47-4CBA-A70D-9816311660F5}.Debug|Any CPU.Deploy.0 = Debug|Any CPU
		{5C2787A0-BB47-4CBA-A70D-9816311660F5}.Debug|ARM.ActiveCfg = Debug|Any CPU
		{5C2787A0-BB47-4CBA-A70D-9816311660F5}.Debug|ARM.Build.0 = Debug|Any CPU
		{5C2787A0-BB47-4CBA-A70D-9816311660F5}.Debug|ARM.Deploy.0 = Debug|Any CPU
		{5C2787A0-BB47-4CBA-A70D-9816311660F5}.Debug|x64.ActiveCfg = Debug|Any CPU
		{5C2787A0-BB47-4CBA-A70D-9816311660F5}.Debug|x64.Build.0 = Debug|Any CPU
		{5C2787A0-BB47-4CBA-A70D-9816311660F5}.Debug|x64.Deploy.0 = Debug|Any CPU
		{5C2787A0-BB47-4CBA-A70D-9816311660F5}.Debug|x86.ActiveCfg = Debug|Any CPU
		{5C2787A0-BB47-4CBA-A70D-9816311660F5}.Debug|x86.Build.0 = Debug|Any CPU
		{5C2787A0-BB47-4CBA-A70D-9816311660F5}.Debug|x86.Deploy.0 = Debug|Any CPU
		{5C2787A0-BB47-4CBA-A70D-9816311660F5}.Release|Any CPU.ActiveCfg = Release|Any CPU
		{5C2787A0-BB47-4CBA-A70D-9816311660F5}.Release|Any CPU.Build.0 = Release|Any CPU
		{5C2787A0-BB47-4CBA-A70D-9816311660F5}.Release|Any CPU.Deploy.0 = Release|Any CPU
		{5C2787A0-BB47-4CBA-A70D-9816311660F5}.Release|ARM.ActiveCfg = Release|Any CPU
		{5C2787A0-BB47-4CBA-A70D-9816311660F5}.Release|ARM.Build.0 = Release|Any CPU
		{5C2787A0-BB47-4CBA-A70D-9816311660F5}.Release|ARM.Deploy.0 = Release|Any CPU
		{5C2787A0-BB47-4CBA-A70D-9816311660F5}.Release|x64.ActiveCfg = Release|Any CPU
		{5C2787A0-BB47-4CBA-A70D-9816311660F5}.Release|x64.Build.0 = Release|Any CPU
		{5C2787A0-BB47-4CBA-A70D-9816311660F5}.Release|x64.Deploy.0 = Release|Any CPU
		{5C2787A0-BB47-4CBA-A70D-9816311660F5}.Release|x86.ActiveCfg = Release|Any CPU
		{5C2787A0-BB47-4CBA-A70D-9816311660F5}.Release|x86.Build.0 = Release|Any CPU
		{5C2787A0-BB47-4CBA-A70D-9816311660F5}.Release|x86.Deploy.0 = Release|Any CPU
		{C4A3D3BB-AF6C-4D1C-947D-1C424C1DC46A}.Debug|Any CPU.ActiveCfg = Debug|x86
		{C4A3D3BB-AF6C-4D1C-947D-1C424C1DC46A}.Debug|ARM.ActiveCfg = Debug|ARM
		{C4A3D3BB-AF6C-4D1C-947D-1C424C1DC46A}.Debug|ARM.Build.0 = Debug|ARM
		{C4A3D3BB-AF6C-4D1C-947D-1C424C1DC46A}.Debug|ARM.Deploy.0 = Debug|ARM
		{C4A3D3BB-AF6C-4D1C-947D-1C424C1DC46A}.Debug|x64.ActiveCfg = Debug|x64
		{C4A3D3BB-AF6C-4D1C-947D-1C424C1DC46A}.Debug|x64.Build.0 = Debug|x64
		{C4A3D3BB-AF6C-4D1C-947D-1C424C1DC46A}.Debug|x64.Deploy.0 = Debug|x64
		{C4A3D3BB-AF6C-4D1C-947D-1C424C1DC46A}.Debug|x86.ActiveCfg = Debug|x86
		{C4A3D3BB-AF6C-4D1C-947D-1C424C1DC46A}.Debug|x86.Build.0 = Debug|x86
		{C4A3D3BB-AF6C-4D1C-947D-1C424C1DC46A}.Debug|x86.Deploy.0 = Debug|x86
		{C4A3D3BB-AF6C-4D1C-947D-1C424C1DC46A}.Release|Any CPU.ActiveCfg = Release|x86
		{C4A3D3BB-AF6C-4D1C-947D-1C424C1DC46A}.Release|ARM.ActiveCfg = Release|ARM
		{C4A3D3BB-AF6C-4D1C-947D-1C424C1DC46A}.Release|ARM.Build.0 = Release|ARM
		{C4A3D3BB-AF6C-4D1C-947D-1C424C1DC46A}.Release|ARM.Deploy.0 = Release|ARM
		{C4A3D3BB-AF6C-4D1C-947D-1C424C1DC46A}.Release|x64.ActiveCfg = Release|x64
		{C4A3D3BB-AF6C-4D1C-947D-1C424C1DC46A}.Release|x64.Build.0 = Release|x64
		{C4A3D3BB-AF6C-4D1C-947D-1C424C1DC46A}.Release|x64.Deploy.0 = Release|x64
		{C4A3D3BB-AF6C-4D1C-947D-1C424C1DC46A}.Release|x86.ActiveCfg = Release|x86
		{C4A3D3BB-AF6C-4D1C-947D-1C424C1DC46A}.Release|x86.Build.0 = Release|x86
		{C4A3D3BB-AF6C-4D1C-947D-1C424C1DC46A}.Release|x86.Deploy.0 = Release|x86
		{7722B444-6BC9-4F3B-ACFC-921B662CA82D}.Debug|Any CPU.ActiveCfg = Debug|Any CPU
		{7722B444-6BC9-4F3B-ACFC-921B662CA82D}.Debug|Any CPU.Build.0 = Debug|Any CPU
		{7722B444-6BC9-4F3B-ACFC-921B662CA82D}.Debug|ARM.ActiveCfg = Debug|Any CPU
		{7722B444-6BC9-4F3B-ACFC-921B662CA82D}.Debug|ARM.Build.0 = Debug|Any CPU
		{7722B444-6BC9-4F3B-ACFC-921B662CA82D}.Debug|x64.ActiveCfg = Debug|Any CPU
		{7722B444-6BC9-4F3B-ACFC-921B662CA82D}.Debug|x64.Build.0 = Debug|Any CPU
		{7722B444-6BC9-4F3B-ACFC-921B662CA82D}.Debug|x86.ActiveCfg = Debug|Any CPU
		{7722B444-6BC9-4F3B-ACFC-921B662CA82D}.Debug|x86.Build.0 = Debug|Any CPU
		{7722B444-6BC9-4F3B-ACFC-921B662CA82D}.Release|Any CPU.ActiveCfg = Release|Any CPU
		{7722B444-6BC9-4F3B-ACFC-921B662CA82D}.Release|Any CPU.Build.0 = Release|Any CPU
		{7722B444-6BC9-4F3B-ACFC-921B662CA82D}.Release|ARM.ActiveCfg = Release|Any CPU
		{7722B444-6BC9-4F3B-ACFC-921B662CA82D}.Release|ARM.Build.0 = Release|Any CPU
		{7722B444-6BC9-4F3B-ACFC-921B662CA82D}.Release|x64.ActiveCfg = Release|Any CPU
		{7722B444-6BC9-4F3B-ACFC-921B662CA82D}.Release|x64.Build.0 = Release|Any CPU
		{7722B444-6BC9-4F3B-ACFC-921B662CA82D}.Release|x86.ActiveCfg = Release|Any CPU
		{7722B444-6BC9-4F3B-ACFC-921B662CA82D}.Release|x86.Build.0 = Release|Any CPU
		{EDA997AA-220E-4D6C-9BEB-58148E543DA2}.Debug|Any CPU.ActiveCfg = Debug|Any CPU
		{EDA997AA-220E-4D6C-9BEB-58148E543DA2}.Debug|Any CPU.Build.0 = Debug|Any CPU
		{EDA997AA-220E-4D6C-9BEB-58148E543DA2}.Debug|ARM.ActiveCfg = Debug|Any CPU
		{EDA997AA-220E-4D6C-9BEB-58148E543DA2}.Debug|ARM.Build.0 = Debug|Any CPU
		{EDA997AA-220E-4D6C-9BEB-58148E543DA2}.Debug|x64.ActiveCfg = Debug|Any CPU
		{EDA997AA-220E-4D6C-9BEB-58148E543DA2}.Debug|x64.Build.0 = Debug|Any CPU
		{EDA997AA-220E-4D6C-9BEB-58148E543DA2}.Debug|x86.ActiveCfg = Debug|Any CPU
		{EDA997AA-220E-4D6C-9BEB-58148E543DA2}.Debug|x86.Build.0 = Debug|Any CPU
		{EDA997AA-220E-4D6C-9BEB-58148E543DA2}.Release|Any CPU.ActiveCfg = Release|Any CPU
		{EDA997AA-220E-4D6C-9BEB-58148E543DA2}.Release|Any CPU.Build.0 = Release|Any CPU
		{EDA997AA-220E-4D6C-9BEB-58148E543DA2}.Release|ARM.ActiveCfg = Release|Any CPU
		{EDA997AA-220E-4D6C-9BEB-58148E543DA2}.Release|ARM.Build.0 = Release|Any CPU
		{EDA997AA-220E-4D6C-9BEB-58148E543DA2}.Release|x64.ActiveCfg = Release|Any CPU
		{EDA997AA-220E-4D6C-9BEB-58148E543DA2}.Release|x64.Build.0 = Release|Any CPU
		{EDA997AA-220E-4D6C-9BEB-58148E543DA2}.Release|x86.ActiveCfg = Release|Any CPU
		{EDA997AA-220E-4D6C-9BEB-58148E543DA2}.Release|x86.Build.0 = Release|Any CPU
		{4AB5E4E6-7564-409B-9E60-7D829D89F470}.Debug|Any CPU.ActiveCfg = Debug|Any CPU
		{4AB5E4E6-7564-409B-9E60-7D829D89F470}.Debug|Any CPU.Build.0 = Debug|Any CPU
		{4AB5E4E6-7564-409B-9E60-7D829D89F470}.Debug|ARM.ActiveCfg = Debug|Any CPU
		{4AB5E4E6-7564-409B-9E60-7D829D89F470}.Debug|ARM.Build.0 = Debug|Any CPU
		{4AB5E4E6-7564-409B-9E60-7D829D89F470}.Debug|x64.ActiveCfg = Debug|Any CPU
		{4AB5E4E6-7564-409B-9E60-7D829D89F470}.Debug|x64.Build.0 = Debug|Any CPU
		{4AB5E4E6-7564-409B-9E60-7D829D89F470}.Debug|x86.ActiveCfg = Debug|Any CPU
		{4AB5E4E6-7564-409B-9E60-7D829D89F470}.Debug|x86.Build.0 = Debug|Any CPU
		{4AB5E4E6-7564-409B-9E60-7D829D89F470}.Release|Any CPU.ActiveCfg = Release|Any CPU
		{4AB5E4E6-7564-409B-9E60-7D829D89F470}.Release|Any CPU.Build.0 = Release|Any CPU
		{4AB5E4E6-7564-409B-9E60-7D829D89F470}.Release|ARM.ActiveCfg = Release|Any CPU
		{4AB5E4E6-7564-409B-9E60-7D829D89F470}.Release|ARM.Build.0 = Release|Any CPU
		{4AB5E4E6-7564-409B-9E60-7D829D89F470}.Release|x64.ActiveCfg = Release|Any CPU
		{4AB5E4E6-7564-409B-9E60-7D829D89F470}.Release|x64.Build.0 = Release|Any CPU
		{4AB5E4E6-7564-409B-9E60-7D829D89F470}.Release|x86.ActiveCfg = Release|Any CPU
		{4AB5E4E6-7564-409B-9E60-7D829D89F470}.Release|x86.Build.0 = Release|Any CPU
		{48B2DFEC-728A-4223-BB01-8ADDC86088BB}.Debug|Any CPU.ActiveCfg = Debug|Any CPU
		{48B2DFEC-728A-4223-BB01-8ADDC86088BB}.Debug|Any CPU.Build.0 = Debug|Any CPU
		{48B2DFEC-728A-4223-BB01-8ADDC86088BB}.Debug|ARM.ActiveCfg = Debug|Any CPU
		{48B2DFEC-728A-4223-BB01-8ADDC86088BB}.Debug|ARM.Build.0 = Debug|Any CPU
		{48B2DFEC-728A-4223-BB01-8ADDC86088BB}.Debug|x64.ActiveCfg = Debug|Any CPU
		{48B2DFEC-728A-4223-BB01-8ADDC86088BB}.Debug|x64.Build.0 = Debug|Any CPU
		{48B2DFEC-728A-4223-BB01-8ADDC86088BB}.Debug|x86.ActiveCfg = Debug|Any CPU
		{48B2DFEC-728A-4223-BB01-8ADDC86088BB}.Debug|x86.Build.0 = Debug|Any CPU
		{48B2DFEC-728A-4223-BB01-8ADDC86088BB}.Release|Any CPU.ActiveCfg = Release|Any CPU
		{48B2DFEC-728A-4223-BB01-8ADDC86088BB}.Release|Any CPU.Build.0 = Release|Any CPU
		{48B2DFEC-728A-4223-BB01-8ADDC86088BB}.Release|ARM.ActiveCfg = Release|Any CPU
		{48B2DFEC-728A-4223-BB01-8ADDC86088BB}.Release|ARM.Build.0 = Release|Any CPU
		{48B2DFEC-728A-4223-BB01-8ADDC86088BB}.Release|x64.ActiveCfg = Release|Any CPU
		{48B2DFEC-728A-4223-BB01-8ADDC86088BB}.Release|x64.Build.0 = Release|Any CPU
		{48B2DFEC-728A-4223-BB01-8ADDC86088BB}.Release|x86.ActiveCfg = Release|Any CPU
		{48B2DFEC-728A-4223-BB01-8ADDC86088BB}.Release|x86.Build.0 = Release|Any CPU
		{0B8B81B6-BC1D-4325-BFE9-CEE2BC1E46F2}.Debug|Any CPU.ActiveCfg = Debug|Any CPU
		{0B8B81B6-BC1D-4325-BFE9-CEE2BC1E46F2}.Debug|Any CPU.Build.0 = Debug|Any CPU
		{0B8B81B6-BC1D-4325-BFE9-CEE2BC1E46F2}.Debug|ARM.ActiveCfg = Debug|Any CPU
		{0B8B81B6-BC1D-4325-BFE9-CEE2BC1E46F2}.Debug|ARM.Build.0 = Debug|Any CPU
		{0B8B81B6-BC1D-4325-BFE9-CEE2BC1E46F2}.Debug|x64.ActiveCfg = Debug|Any CPU
		{0B8B81B6-BC1D-4325-BFE9-CEE2BC1E46F2}.Debug|x64.Build.0 = Debug|Any CPU
		{0B8B81B6-BC1D-4325-BFE9-CEE2BC1E46F2}.Debug|x86.ActiveCfg = Debug|Any CPU
		{0B8B81B6-BC1D-4325-BFE9-CEE2BC1E46F2}.Debug|x86.Build.0 = Debug|Any CPU
		{0B8B81B6-BC1D-4325-BFE9-CEE2BC1E46F2}.Release|Any CPU.ActiveCfg = Release|Any CPU
		{0B8B81B6-BC1D-4325-BFE9-CEE2BC1E46F2}.Release|Any CPU.Build.0 = Release|Any CPU
		{0B8B81B6-BC1D-4325-BFE9-CEE2BC1E46F2}.Release|ARM.ActiveCfg = Release|Any CPU
		{0B8B81B6-BC1D-4325-BFE9-CEE2BC1E46F2}.Release|ARM.Build.0 = Release|Any CPU
		{0B8B81B6-BC1D-4325-BFE9-CEE2BC1E46F2}.Release|x64.ActiveCfg = Release|Any CPU
		{0B8B81B6-BC1D-4325-BFE9-CEE2BC1E46F2}.Release|x64.Build.0 = Release|Any CPU
		{0B8B81B6-BC1D-4325-BFE9-CEE2BC1E46F2}.Release|x86.ActiveCfg = Release|Any CPU
		{0B8B81B6-BC1D-4325-BFE9-CEE2BC1E46F2}.Release|x86.Build.0 = Release|Any CPU
		{B80D0791-E3D9-49DF-9F73-FB69AA15B172}.Debug|Any CPU.ActiveCfg = Debug|Any CPU
		{B80D0791-E3D9-49DF-9F73-FB69AA15B172}.Debug|Any CPU.Build.0 = Debug|Any CPU
		{B80D0791-E3D9-49DF-9F73-FB69AA15B172}.Debug|ARM.ActiveCfg = Debug|Any CPU
		{B80D0791-E3D9-49DF-9F73-FB69AA15B172}.Debug|ARM.Build.0 = Debug|Any CPU
		{B80D0791-E3D9-49DF-9F73-FB69AA15B172}.Debug|x64.ActiveCfg = Debug|Any CPU
		{B80D0791-E3D9-49DF-9F73-FB69AA15B172}.Debug|x64.Build.0 = Debug|Any CPU
		{B80D0791-E3D9-49DF-9F73-FB69AA15B172}.Debug|x86.ActiveCfg = Debug|Any CPU
		{B80D0791-E3D9-49DF-9F73-FB69AA15B172}.Debug|x86.Build.0 = Debug|Any CPU
		{B80D0791-E3D9-49DF-9F73-FB69AA15B172}.Release|Any CPU.ActiveCfg = Release|Any CPU
		{B80D0791-E3D9-49DF-9F73-FB69AA15B172}.Release|Any CPU.Build.0 = Release|Any CPU
		{B80D0791-E3D9-49DF-9F73-FB69AA15B172}.Release|ARM.ActiveCfg = Release|Any CPU
		{B80D0791-E3D9-49DF-9F73-FB69AA15B172}.Release|ARM.Build.0 = Release|Any CPU
		{B80D0791-E3D9-49DF-9F73-FB69AA15B172}.Release|x64.ActiveCfg = Release|Any CPU
		{B80D0791-E3D9-49DF-9F73-FB69AA15B172}.Release|x64.Build.0 = Release|Any CPU
		{B80D0791-E3D9-49DF-9F73-FB69AA15B172}.Release|x86.ActiveCfg = Release|Any CPU
		{B80D0791-E3D9-49DF-9F73-FB69AA15B172}.Release|x86.Build.0 = Release|Any CPU
		{356A4445-812B-49A7-92A9-B6EBB7EA3055}.Debug|Any CPU.ActiveCfg = Debug|Any CPU
		{356A4445-812B-49A7-92A9-B6EBB7EA3055}.Debug|Any CPU.Build.0 = Debug|Any CPU
		{356A4445-812B-49A7-92A9-B6EBB7EA3055}.Debug|ARM.ActiveCfg = Debug|Any CPU
		{356A4445-812B-49A7-92A9-B6EBB7EA3055}.Debug|ARM.Build.0 = Debug|Any CPU
		{356A4445-812B-49A7-92A9-B6EBB7EA3055}.Debug|x64.ActiveCfg = Debug|Any CPU
		{356A4445-812B-49A7-92A9-B6EBB7EA3055}.Debug|x64.Build.0 = Debug|Any CPU
		{356A4445-812B-49A7-92A9-B6EBB7EA3055}.Debug|x86.ActiveCfg = Debug|Any CPU
		{356A4445-812B-49A7-92A9-B6EBB7EA3055}.Debug|x86.Build.0 = Debug|Any CPU
		{356A4445-812B-49A7-92A9-B6EBB7EA3055}.Release|Any CPU.ActiveCfg = Release|Any CPU
		{356A4445-812B-49A7-92A9-B6EBB7EA3055}.Release|Any CPU.Build.0 = Release|Any CPU
		{356A4445-812B-49A7-92A9-B6EBB7EA3055}.Release|ARM.ActiveCfg = Release|Any CPU
		{356A4445-812B-49A7-92A9-B6EBB7EA3055}.Release|ARM.Build.0 = Release|Any CPU
		{356A4445-812B-49A7-92A9-B6EBB7EA3055}.Release|x64.ActiveCfg = Release|Any CPU
		{356A4445-812B-49A7-92A9-B6EBB7EA3055}.Release|x64.Build.0 = Release|Any CPU
		{356A4445-812B-49A7-92A9-B6EBB7EA3055}.Release|x86.ActiveCfg = Release|Any CPU
		{356A4445-812B-49A7-92A9-B6EBB7EA3055}.Release|x86.Build.0 = Release|Any CPU
		{5A99FFF1-4C70-45AB-9291-C9B96C6BFA58}.Debug|Any CPU.ActiveCfg = Debug|Any CPU
		{5A99FFF1-4C70-45AB-9291-C9B96C6BFA58}.Debug|Any CPU.Build.0 = Debug|Any CPU
		{5A99FFF1-4C70-45AB-9291-C9B96C6BFA58}.Debug|ARM.ActiveCfg = Debug|Any CPU
		{5A99FFF1-4C70-45AB-9291-C9B96C6BFA58}.Debug|ARM.Build.0 = Debug|Any CPU
		{5A99FFF1-4C70-45AB-9291-C9B96C6BFA58}.Debug|x64.ActiveCfg = Debug|Any CPU
		{5A99FFF1-4C70-45AB-9291-C9B96C6BFA58}.Debug|x64.Build.0 = Debug|Any CPU
		{5A99FFF1-4C70-45AB-9291-C9B96C6BFA58}.Debug|x86.ActiveCfg = Debug|Any CPU
		{5A99FFF1-4C70-45AB-9291-C9B96C6BFA58}.Debug|x86.Build.0 = Debug|Any CPU
		{5A99FFF1-4C70-45AB-9291-C9B96C6BFA58}.Release|Any CPU.ActiveCfg = Release|Any CPU
		{5A99FFF1-4C70-45AB-9291-C9B96C6BFA58}.Release|Any CPU.Build.0 = Release|Any CPU
		{5A99FFF1-4C70-45AB-9291-C9B96C6BFA58}.Release|ARM.ActiveCfg = Release|Any CPU
		{5A99FFF1-4C70-45AB-9291-C9B96C6BFA58}.Release|ARM.Build.0 = Release|Any CPU
		{5A99FFF1-4C70-45AB-9291-C9B96C6BFA58}.Release|x64.ActiveCfg = Release|Any CPU
		{5A99FFF1-4C70-45AB-9291-C9B96C6BFA58}.Release|x64.Build.0 = Release|Any CPU
		{5A99FFF1-4C70-45AB-9291-C9B96C6BFA58}.Release|x86.ActiveCfg = Release|Any CPU
		{5A99FFF1-4C70-45AB-9291-C9B96C6BFA58}.Release|x86.Build.0 = Release|Any CPU
		{AB8D6105-8FCD-488C-9965-CACD8B014B52}.Debug|Any CPU.ActiveCfg = Debug|Any CPU
		{AB8D6105-8FCD-488C-9965-CACD8B014B52}.Debug|Any CPU.Build.0 = Debug|Any CPU
		{AB8D6105-8FCD-488C-9965-CACD8B014B52}.Debug|ARM.ActiveCfg = Debug|Any CPU
		{AB8D6105-8FCD-488C-9965-CACD8B014B52}.Debug|ARM.Build.0 = Debug|Any CPU
		{AB8D6105-8FCD-488C-9965-CACD8B014B52}.Debug|x64.ActiveCfg = Debug|Any CPU
		{AB8D6105-8FCD-488C-9965-CACD8B014B52}.Debug|x64.Build.0 = Debug|Any CPU
		{AB8D6105-8FCD-488C-9965-CACD8B014B52}.Debug|x86.ActiveCfg = Debug|Any CPU
		{AB8D6105-8FCD-488C-9965-CACD8B014B52}.Debug|x86.Build.0 = Debug|Any CPU
		{AB8D6105-8FCD-488C-9965-CACD8B014B52}.Release|Any CPU.ActiveCfg = Release|Any CPU
		{AB8D6105-8FCD-488C-9965-CACD8B014B52}.Release|Any CPU.Build.0 = Release|Any CPU
		{AB8D6105-8FCD-488C-9965-CACD8B014B52}.Release|ARM.ActiveCfg = Release|Any CPU
		{AB8D6105-8FCD-488C-9965-CACD8B014B52}.Release|ARM.Build.0 = Release|Any CPU
		{AB8D6105-8FCD-488C-9965-CACD8B014B52}.Release|x64.ActiveCfg = Release|Any CPU
		{AB8D6105-8FCD-488C-9965-CACD8B014B52}.Release|x64.Build.0 = Release|Any CPU
		{AB8D6105-8FCD-488C-9965-CACD8B014B52}.Release|x86.ActiveCfg = Release|Any CPU
		{AB8D6105-8FCD-488C-9965-CACD8B014B52}.Release|x86.Build.0 = Release|Any CPU
	EndGlobalSection
	GlobalSection(SolutionProperties) = preSolution
		HideSolutionNode = FALSE
	EndGlobalSection
	GlobalSection(NestedProjects) = preSolution
		{3C40A570-1751-451F-9784-EE7078E20E87} = {D00EB3EC-1877-4C93-81E7-6E6EB58916A3}
		{5C2787A0-BB47-4CBA-A70D-9816311660F5} = {D00EB3EC-1877-4C93-81E7-6E6EB58916A3}
		{C4A3D3BB-AF6C-4D1C-947D-1C424C1DC46A} = {D00EB3EC-1877-4C93-81E7-6E6EB58916A3}
		{7722B444-6BC9-4F3B-ACFC-921B662CA82D} = {3FEB5DE2-7115-424C-88B3-6F5F7814DA02}
		{EDA997AA-220E-4D6C-9BEB-58148E543DA2} = {3FEB5DE2-7115-424C-88B3-6F5F7814DA02}
		{4AB5E4E6-7564-409B-9E60-7D829D89F470} = {5B13886E-4796-4AFC-ACBE-53459EDB145C}
		{48B2DFEC-728A-4223-BB01-8ADDC86088BB} = {D00EB3EC-1877-4C93-81E7-6E6EB58916A3}
		{0B8B81B6-BC1D-4325-BFE9-CEE2BC1E46F2} = {3FEB5DE2-7115-424C-88B3-6F5F7814DA02}
		{B80D0791-E3D9-49DF-9F73-FB69AA15B172} = {3FEB5DE2-7115-424C-88B3-6F5F7814DA02}
		{356A4445-812B-49A7-92A9-B6EBB7EA3055} = {C022B3F6-BC20-4ED3-8B98-50BDE4DDCD69}
		{5A99FFF1-4C70-45AB-9291-C9B96C6BFA58} = {C022B3F6-BC20-4ED3-8B98-50BDE4DDCD69}
		{AB8D6105-8FCD-488C-9965-CACD8B014B52} = {C022B3F6-BC20-4ED3-8B98-50BDE4DDCD69}
	EndGlobalSection
	GlobalSection(ExtensibilityGlobals) = postSolution
		SolutionGuid = {D7AFFE16-2C6E-4648-96B2-7C71CE49BEB7}
	EndGlobalSection
EndGlobal
